lockfileVersion: 5.4

specifiers:
  '@playwright/test': ^1.25.2
  '@types/react': ^18.0.21

devDependencies:
  '@playwright/test': 1.25.2
  '@types/react': 18.0.21

packages:

  /@playwright/test/1.25.2:
    resolution: {integrity: sha512-6qPznIR4Fw02OMbqXUPMG6bFFg1hDVNEdihKy0t9K0dmRbus1DyP5Q5XFQhGwEHQkLG5hrSfBuu9CW/foqhQHQ==}
    engines: {node: '>=14'}
    hasBin: true
    dependencies:
      '@types/node': 18.7.18
      playwright-core: 1.25.2
    dev: true

  /@types/node/18.7.18:
    resolution: {integrity: sha512-m+6nTEOadJZuTPkKR/SYK3A2d7FZrgElol9UP1Kae90VVU4a6mxnPuLiIW1m4Cq4gZ/nWb9GrdVXJCoCazDAbg==}
    dev: true

  /@types/prop-types/15.7.5:
    resolution: {integrity: sha512-JCB8C6SnDoQf0cNycqd/35A7MjcnK+ZTqE7judS6o7utxUCg6imJg3QK2qzHKszlTjcj2cn+NwMB2i96ubpj7w==}
    dev: true

  /@types/react/18.0.21:
    resolution: {integrity: sha512-7QUCOxvFgnD5Jk8ZKlUAhVcRj7GuJRjnjjiY/IUBWKgOlnvDvTMLD4RTF7NPyVmbRhNrbomZiOepg7M/2Kj1mA==}
    dependencies:
      '@types/prop-types': 15.7.5
      '@types/scheduler': 0.16.2
      csstype: 3.1.1
    dev: true

  /@types/scheduler/0.16.2:
    resolution: {integrity: sha512-hppQEBDmlwhFAXKJX2KnWLYu5yMfi91yazPb2l+lbJiwW+wdo1gNeRA+3RgNSO39WYX2euey41KEwnqesU2Jew==}
    dev: true

  /csstype/3.1.1:
    resolution: {integrity: sha512-DJR/VvkAvSZW9bTouZue2sSxDwdTN92uHjqeKVm+0dAqdfNykRzQ95tay8aXMBAAPpUiq4Qcug2L7neoRh2Egw==}
    dev: true

  /playwright-core/1.25.2:
    resolution: {integrity: sha512-0yTbUE9lIddkEpLHL3u8PoCL+pWiZtj5A/j3U7YoNjcmKKDGBnCrgHJMzwd2J5vy6l28q4ki3JIuz7McLHhl1A==}
    engines: {node: '>=14'}
    hasBin: true
    dev: true
